
Microsoft Visual Studio Solution File, Format Version 12.00
# Visual Studio Version 17
VisualStudioVersion = 17.4.33213.308
MinimumVisualStudioVersion = 10.0.40219.1
Project("{FAE04EC0-301F-11D3-BF4B-00C04F79EFBC}") = "VarietyShop", "VarietyShop\VarietyShop.csproj", "{999B4265-32DF-4E1C-ABE5-D3DAFA0A1E9D}"
EndProject
Global
	GlobalSection(SolutionConfigurationPlatforms) = preSolution
		Debug|Any CPU = Debug|Any CPU
		Release|Any CPU = Release|Any CPU
	EndGlobalSection
	GlobalSection(ProjectConfigurationPlatforms) = postSolution
		{999B4265-32DF-4E1C-ABE5-D3DAFA0A1E9D}.Debug|Any CPU.ActiveCfg = Debug|Any CPU
		{999B4265-32DF-4E1C-ABE5-D3DAFA0A1E9D}.Debug|Any CPU.Build.0 = Debug|Any CPU
		{999B4265-32DF-4E1C-ABE5-D3DAFA0A1E9D}.Release|Any CPU.ActiveCfg = Release|Any CPU
		{999B4265-32DF-4E1C-ABE5-D3DAFA0A1E9D}.Release|Any CPU.Build.0 = Release|Any CPU
	EndGlobalSection
	GlobalSection(SolutionProperties) = preSolution
		HideSolutionNode = FALSE
	EndGlobalSection
	GlobalSection(ExtensibilityGlobals) = postSolution
		SolutionGuid = {4508CD02-1995-4E2B-8C36-A1AC8E41DF50}
	EndGlobalSection
EndGlobal
